{
  "name": "protractor-poc",
  "version": "1.0.0",
  "lockfileVersion": 1,
  "requires": true,
  "dependencies": {
    "esquadro": {
      "version": "1.5.9",
      "resolved": "https://registry.npmjs.org/esquadro/-/esquadro-1.5.9.tgz",
      "integrity": "sha1-FHeyqdKQ9ZQE6KWK5abq6waafXw="
    }
  }
}
